
Microsoft Visual Studio Solution File, Format Version 12.00
# Visual Studio Express 2013 for Windows Desktop
VisualStudioVersion = 12.0.31101.0
MinimumVisualStudioVersion = 10.0.40219.1
Project("{FAE04EC0-301F-11D3-BF4B-00C04F79EFBC}") = "Model", "Model\Model.csproj", "{C5D6DABF-B94D-4E02-BBA1-21A0ADAA623C}"
EndProject
Project("{FAE04EC0-301F-11D3-BF4B-00C04F79EFBC}") = "View", "View\View.csproj", "{DE853020-3FB6-4F27-AE9A-2BCB808A1E37}"
EndProject
Project("{FAE04EC0-301F-11D3-BF4B-00C04F79EFBC}") = "UnitTests", "UnitTests\UnitTests.csproj", "{E50AAE34-EE42-402A-BF08-6FD95B9AC43F}"
EndProject
Global
	GlobalSection(SolutionConfigurationPlatforms) = preSolution
		Debug|Any CPU = Debug|Any CPU
		Release|Any CPU = Release|Any CPU
	EndGlobalSection
	GlobalSection(ProjectConfigurationPlatforms) = postSolution
		{C5D6DABF-B94D-4E02-BBA1-21A0ADAA623C}.Debug|Any CPU.ActiveCfg = Debug|Any CPU
		{C5D6DABF-B94D-4E02-BBA1-21A0ADAA623C}.Debug|Any CPU.Build.0 = Debug|Any CPU
		{C5D6DABF-B94D-4E02-BBA1-21A0ADAA623C}.Release|Any CPU.ActiveCfg = Release|Any CPU
		{C5D6DABF-B94D-4E02-BBA1-21A0ADAA623C}.Release|Any CPU.Build.0 = Release|Any CPU
		{DE853020-3FB6-4F27-AE9A-2BCB808A1E37}.Debug|Any CPU.ActiveCfg = Debug|Any CPU
		{DE853020-3FB6-4F27-AE9A-2BCB808A1E37}.Debug|Any CPU.Build.0 = Debug|Any CPU
		{DE853020-3FB6-4F27-AE9A-2BCB808A1E37}.Release|Any CPU.ActiveCfg = Release|Any CPU
		{DE853020-3FB6-4F27-AE9A-2BCB808A1E37}.Release|Any CPU.Build.0 = Release|Any CPU
		{E50AAE34-EE42-402A-BF08-6FD95B9AC43F}.Debug|Any CPU.ActiveCfg = Debug|Any CPU
		{E50AAE34-EE42-402A-BF08-6FD95B9AC43F}.Debug|Any CPU.Build.0 = Debug|Any CPU
		{E50AAE34-EE42-402A-BF08-6FD95B9AC43F}.Release|Any CPU.ActiveCfg = Release|Any CPU
		{E50AAE34-EE42-402A-BF08-6FD95B9AC43F}.Release|Any CPU.Build.0 = Release|Any CPU
	EndGlobalSection
	GlobalSection(SolutionProperties) = preSolution
		HideSolutionNode = FALSE
	EndGlobalSection
EndGlobal
